
Microsoft Visual Studio Solution File, Format Version 12.00
# Visual Studio Version 16
VisualStudioVersion = 16.0.28803.202
MinimumVisualStudioVersion = 10.0.40219.1
Project("{9A19103F-16F7-4668-BE54-9A1E7A4F7556}") = "filesystem", "filesystem\filesystem.csproj", "{89450A73-9791-4DCB-97A8-F470A4C6EAAC}"
EndProject
Project("{FAE04EC0-301F-11D3-BF4B-00C04F79EFBC}") = "FileCreate", "FileCreate\FileCreate.csproj", "{CC917E38-8048-4178-8E1E-A43D3CF9B1D8}"
EndProject
Global
	GlobalSection(SolutionConfigurationPlatforms) = preSolution
		Debug|Any CPU = Debug|Any CPU
		Release|Any CPU = Release|Any CPU
	EndGlobalSection
	GlobalSection(ProjectConfigurationPlatforms) = postSolution
		{89450A73-9791-4DCB-97A8-F470A4C6EAAC}.Debug|Any CPU.ActiveCfg = Debug|Any CPU
		{89450A73-9791-4DCB-97A8-F470A4C6EAAC}.Debug|Any CPU.Build.0 = Debug|Any CPU
		{89450A73-9791-4DCB-97A8-F470A4C6EAAC}.Release|Any CPU.ActiveCfg = Release|Any CPU
		{89450A73-9791-4DCB-97A8-F470A4C6EAAC}.Release|Any CPU.Build.0 = Release|Any CPU
		{CC917E38-8048-4178-8E1E-A43D3CF9B1D8}.Debug|Any CPU.ActiveCfg = Debug|Any CPU
		{CC917E38-8048-4178-8E1E-A43D3CF9B1D8}.Debug|Any CPU.Build.0 = Debug|Any CPU
		{CC917E38-8048-4178-8E1E-A43D3CF9B1D8}.Release|Any CPU.ActiveCfg = Release|Any CPU
		{CC917E38-8048-4178-8E1E-A43D3CF9B1D8}.Release|Any CPU.Build.0 = Release|Any CPU
	EndGlobalSection
	GlobalSection(SolutionProperties) = preSolution
		HideSolutionNode = FALSE
	EndGlobalSection
	GlobalSection(ExtensibilityGlobals) = postSolution
		SolutionGuid = {1DDB17B6-8FC6-4005-9B6C-0370C34A201E}
	EndGlobalSection
EndGlobal
